# This file is autogenerated, do not edit; changes may be undone by the next 'dep ensure'.


[[projects]]
  branch = "master"
  digest = "1:707ebe952a8b3d00b343c01536c79c73771d100f63ec6babeaed5c79e2b8a8dd"
  name = "github.com/beorn7/perks"
  packages = ["quantile"]
  pruneopts = "NUT"
  revision = "3a771d992973f24aa725d07868b467d1ddfceafb"

[[projects]]
  digest = "1:ffe9824d294da03b391f44e1ae8281281b4afc1bdaa9588c9097785e3af10cec"
  name = "github.com/davecgh/go-spew"
  packages = ["spew"]
  pruneopts = "NUT"
  revision = "8991bc29aa16c548c550c7ff78260e27b9ab7c73"
  version = "v1.1.1"

[[projects]]
  digest = "1:1b91ae0dc69a41d4c2ed23ea5cffb721ea63f5037ca4b81e6d6771fbb8f45129"
  name = "github.com/fsnotify/fsnotify"
  packages = ["."]
  pruneopts = "NUT"
  revision = "c2828203cd70a50dcccfb2761f8b1f8ceef9a8e9"
  version = "v1.4.7"

[[projects]]
  branch = "master"
  digest = "1:0b86d0877c1b5a5d518f5bb51d7a27878f0c2a1e05dd96ab8790dee49d4eb5bf"
  name = "github.com/ghodss/yaml"
  packages = ["."]
  pruneopts = "NUT"
  revision = "c7ce16629ff4cd059ed96ed06419dd3856fd3577"

[[projects]]
  digest = "1:c38144c2e2d2cf5592dc55f08f69b491b15f4449c54e293710fe19ea0874fa90"
  name = "github.com/go-chi/chi"
  packages = [
    ".",
    "middleware",
  ]
  pruneopts = "NUT"
  revision = "b5294d10673813fac8558e7f47242bc9e61b4c25"
  version = "v3.3.3"

[[projects]]
  branch = "master"
  digest = "1:97df736bcaf8bf2f4e96998fc30a462e4f67448ba2c260bc606ecc4121f0cba1"
  name = "github.com/golang/mock"
  packages = [
    "gomock",
    "mockgen/model",
  ]
  pruneopts = "NUT"
  revision = "e698a2ea17fee71b248fc2bba82fc544c2017f93"

[[projects]]
  digest = "1:97df918963298c287643883209a2c3f642e6593379f97ab400c2a2e219ab647d"
  name = "github.com/golang/protobuf"
  packages = ["proto"]
  pruneopts = "NUT"
  revision = "aa810b61a9c79d51363740d207bb46cf8e620ed5"
  version = "v1.2.0"

[[projects]]
  digest = "1:11c6c696067d3127ecf332b10f89394d386d9083f82baf71f40f2da31841a009"
  name = "github.com/hashicorp/hcl"
  packages = [
    ".",
    "hcl/ast",
    "hcl/parser",
    "hcl/printer",
    "hcl/scanner",
    "hcl/strconv",
    "hcl/token",
    "json/parser",
    "json/scanner",
    "json/token",
  ]
  pruneopts = "NUT"
  revision = "8cb6e5b959231cc1119e43259c4a608f9c51a241"
  version = "v1.0.0"

[[projects]]
  digest = "1:406338ad39ab2e37b7f4452906442a3dbf0eb3379dd1f06aafb5c07e769a5fbb"
  name = "github.com/inconshreveable/mousetrap"
  packages = ["."]
  pruneopts = "NUT"
  revision = "76626ae9c91c4f2a10f34cad8ce83ea42c93bb75"
  version = "v1.0"

[[projects]]
  branch = "master"
  digest = "1:09196f8417b28774ee5463e5a1f26f3ab89848170565539d84f478398efeefe0"
  name = "github.com/kamilsk/go-kit"
  packages = [
    "pkg/config",
    "pkg/fn",
    "pkg/strings",
  ]
  pruneopts = "NUT"
  revision = "bcfc2c1707dec83bb1aad27c5547093a90be5efc"

[[projects]]
  branch = "master"
  digest = "1:784d05a21c37defeaba624c1b0a55cb2c6488dbc9f456df16aab1af4928618c6"
  name = "github.com/lib/pq"
  packages = [
    ".",
    "oid",
  ]
  pruneopts = "NUT"
  revision = "9eb73efc1fcc404148b56765b0d3f61d9a5ef8ee"

[[projects]]
  digest = "1:d244f8666a838fe6ad70ec8fe77f50ebc29fdc3331a2729ba5886bef8435d10d"
  name = "github.com/magiconair/properties"
  packages = ["."]
  pruneopts = "NUT"
  revision = "c2353362d570a7bfa228149c62842019201cfb71"
  version = "v1.8.0"

[[projects]]
  branch = "master"
  digest = "1:27709e1b4d50eb443e1c41cb8393cee3be80a48400edfc98c8098752882a4d8c"
  name = "github.com/mailru/easyjson"
  packages = [
    ".",
    "buffer",
    "gen",
    "jlexer",
    "jwriter",
  ]
  pruneopts = "NUT"
  revision = "60711f1a8329503b04e1c88535f419d0bb440bff"

[[projects]]
  digest = "1:5985ef4caf91ece5d54817c11ea25f182697534f8ae6521eadcd628c142ac4b6"
  name = "github.com/matttproud/golang_protobuf_extensions"
  packages = ["pbutil"]
  pruneopts = "NUT"
  revision = "c12348ce28de40eed0136aa2b644d0ee0650e56c"
  version = "v1.0.1"

[[projects]]
  digest = "1:a45ae66dea4c899d79fceb116accfa1892105c251f0dcd9a217ddc276b42ec68"
  name = "github.com/mitchellh/mapstructure"
  packages = ["."]
  pruneopts = "NUT"
  revision = "3536a929edddb9a5b34bd6861dc4a9647cb459fe"
  version = "v1.1.2"

[[projects]]
  digest = "1:51ea800cff51752ff68e12e04106f5887b4daec6f9356721238c28019f0b42db"
  name = "github.com/pelletier/go-toml"
  packages = ["."]
  pruneopts = "NUT"
  revision = "c01d1270ff3e442a8a57cddc1c92dc1138598194"
  version = "v1.2.0"

[[projects]]
  branch = "master"
  digest = "1:14715f705ff5dfe0ffd6571d7d201dd8e921030f8070321a79380d8ca4ec1a24"
  name = "github.com/pkg/errors"
  packages = ["."]
  pruneopts = "NUT"
  revision = "ba968bfe8b2f7e042a574c888954fccecfa385b4"

[[projects]]
  digest = "1:0028cb19b2e4c3112225cd871870f2d9cf49b9b4276531f03438a88e94be86fe"
  name = "github.com/pmezard/go-difflib"
  packages = ["difflib"]
  pruneopts = "NUT"
  revision = "792786c7400a136282c1664665ae0a8db921c6c2"
  version = "v1.0.0"

[[projects]]
  branch = "master"
  digest = "1:f21cfb17d6cf115cbee67286fa71990ce794576c70d19a85552b117e1b163198"
  name = "github.com/prometheus/client_golang"
  packages = [
    "prometheus",
    "prometheus/internal",
    "prometheus/promhttp",
  ]
  pruneopts = "NUT"
  revision = "fb3d5cb2ad5789367093b409855a3937d651b572"

[[projects]]
  branch = "master"
  digest = "1:2d5cd61daa5565187e1d96bae64dbbc6080dacf741448e9629c64fd93203b0d4"
  name = "github.com/prometheus/client_model"
  packages = ["go"]
  pruneopts = "NUT"
  revision = "5c3871d89910bfb32f5fcab2aa4b9ec68e65a99f"

[[projects]]
  branch = "master"
  digest = "1:4340e7fba4a17b3c5c8c874698eae0db8573668bfa541903bd6a654915d6b2bb"
  name = "github.com/prometheus/common"
  packages = [
    "expfmt",
    "internal/bitbucket.org/ww/goautoneg",
    "model",
  ]
  pruneopts = "NUT"
  revision = "b1c43a6df3aedba268353d940b5974f05037ed5c"

[[projects]]
  branch = "master"
  digest = "1:21971c48d2d34cf633e1898e60bb968eb046a42010ebeb73c8733d7b610cbf59"
  name = "github.com/prometheus/procfs"
  packages = [
    ".",
    "internal/util",
    "nfs",
    "xfs",
  ]
  pruneopts = "NUT"
  revision = "b1a0a9a36d7453ba0f62578b99712f3a6c5f82d1"

[[projects]]
  digest = "1:f250ca51e5b9215bc2df18f92060a9a835e9f85ab18ebbba0e1a6ef1f8fcdbfe"
  name = "github.com/rs/cors"
  packages = ["."]
  pruneopts = "NUT"
  revision = "9a47f48565a795472d43519dd49aac781f3034fb"
  version = "v1.6.0"

[[projects]]
  branch = "master"
  digest = "1:6c9ffc8e817fe638d8169ceadc7bb32b12973ff953c2e686d4ac2a487024a6b2"
  name = "github.com/rubenv/sql-migrate"
  packages = [
    ".",
    "sqlparse",
  ]
  pruneopts = "NUT"
  revision = "5a8808c14925f69d2228981db113f672ad047e69"

[[projects]]
  digest = "1:10dad358673cf6e0ee07c2515cc5776a2b11f4adedf647f397739de850c1e3d7"
  name = "github.com/spf13/afero"
  packages = [
    ".",
    "mem",
  ]
  pruneopts = "NUT"
  revision = "a5d6946387efe7d64d09dcba68cdd523dc1273a3"
  version = "v1.2.0"

[[projects]]
  digest = "1:c5e6b121ef3d2043505edaf4c80e5a008cec2513dc8804795eb0479d1555bcf7"
  name = "github.com/spf13/cast"
  packages = ["."]
  pruneopts = "NUT"
  revision = "8c9545af88b134710ab1cd196795e7f2388358d7"
  version = "v1.3.0"

[[projects]]
  branch = "master"
  digest = "1:25aa47e530aa7450b2a0b177fc6bc30b09248cfbb853788b90d7f8f247f80706"
  name = "github.com/spf13/cobra"
  packages = ["."]
  pruneopts = "NUT"
  revision = "d2d81d9a96e23f0255397222bb0b4e3165e492dc"

[[projects]]
  digest = "1:f29f83301ed096daed24a90f4af591b7560cb14b9cc3e1827abbf04db7269ab5"
  name = "github.com/spf13/jwalterweatherman"
  packages = ["."]
  pruneopts = "NUT"
  revision = "4a4406e478ca629068e7768fc33f3f044173c0a6"
  version = "v1.0.0"

[[projects]]
  digest = "1:9d8420bbf131d1618bde6530af37c3799340d3762cc47210c1d9532a4c3a2779"
  name = "github.com/spf13/pflag"
  packages = ["."]
  pruneopts = "NUT"
  revision = "298182f68c66c05229eb03ac171abe6e309ee79a"
  version = "v1.0.3"

[[projects]]
  digest = "1:e11ca20a245c80885b5777d7918a2a57d464556f3f1a61be5524e3972eea7ca2"
  name = "github.com/spf13/viper"
  packages = ["."]
  pruneopts = "NUT"
  revision = "6d33b5a963d922d182c91e8a1c88d81fd150cfd4"
  version = "v1.3.1"

[[projects]]
  digest = "1:60a46e2410edbf02b419f833372dd1d24d7aa1b916a990a7370e792fada1eadd"
  name = "github.com/stretchr/objx"
  packages = ["."]
  pruneopts = "NUT"
  revision = "477a77ecc69700c7cdeb1fa9e129548e1c1c393c"
  version = "v0.1.1"

[[projects]]
  digest = "1:81d363777b015e85bd42b978b80f4f5ecdaa43e11452ba8ff7ea93db3ce166bd"
  name = "github.com/stretchr/testify"
  packages = [
    "assert",
    "mock",
  ]
  pruneopts = "NUT"
  revision = "f35b8ab0b5a2cef36673838d662e249dd9c94686"
  version = "v1.2.2"

[[projects]]
  branch = "master"
  digest = "1:ca6c6c91837d9d0349d94e79e801c7db3462ba82acecbe5457cbbeca56d8b197"
  name = "golang.org/x/sys"
  packages = ["unix"]
  pruneopts = "NUT"
  revision = "82a175fd1598e8a172e58ebdf5ed262bb29129e5"

[[projects]]
  digest = "1:8029e9743749d4be5bc9f7d42ea1659471767860f0cdc34d37c3111bd308a295"
  name = "golang.org/x/text"
  packages = [
    "internal/gen",
    "internal/triegen",
    "internal/ucd",
    "transform",
    "unicode/cldr",
    "unicode/norm",
  ]
  pruneopts = "NUT"
  revision = "f21a4dfb5e38f5895301dc265a8def02365cc3d0"
  version = "v0.3.0"

[[projects]]
  digest = "1:4fe5671ee9615984167403a07ea67e0cbb7396f3ab335294ef767ac79b972ffc"
  name = "gopkg.in/DATA-DOG/go-sqlmock.v1"
  packages = ["."]
  pruneopts = "NUT"
  revision = "d76b18b42f285b792bf985118980ce9eacea9d10"
  version = "v1.3.0"

[[projects]]
  digest = "1:1bfe1fa433123b451bb1a2a1a5d094322821b9463f5bf8eade67e71d7532e3d0"
  name = "gopkg.in/gorp.v1"
  packages = ["."]
  pruneopts = "NUT"
  revision = "6a667da9c028871f98598d85413e3fc4c6daa52e"
  version = "v1.7.2"

[[projects]]
  digest = "1:18108594151654e9e696b27b181b953f9a90b16bf14d253dd1b397b025a1487f"
  name = "gopkg.in/yaml.v2"
  packages = ["."]
  pruneopts = "NUT"
  revision = "51d6538a90f86fe93ac480b35f37b2be17fef232"
  version = "v2.2.2"

[solve-meta]
  analyzer-name = "dep"
  analyzer-version = 1
  input-imports = [
    "github.com/ghodss/yaml",
    "github.com/go-chi/chi",
    "github.com/go-chi/chi/middleware",
    "github.com/golang/mock/gomock",
    "github.com/golang/mock/mockgen/model",
    "github.com/kamilsk/go-kit/pkg/config",
    "github.com/kamilsk/go-kit/pkg/fn",
    "github.com/kamilsk/go-kit/pkg/strings",
    "github.com/lib/pq",
    "github.com/mailru/easyjson/gen",
    "github.com/mailru/easyjson/jlexer",
    "github.com/mailru/easyjson/jwriter",
    "github.com/pkg/errors",
    "github.com/prometheus/client_golang/prometheus/promhttp",
    "github.com/rs/cors",
    "github.com/rubenv/sql-migrate",
    "github.com/spf13/cobra",
    "github.com/spf13/viper",
    "github.com/stretchr/testify/assert",
    "github.com/stretchr/testify/mock",
    "gopkg.in/DATA-DOG/go-sqlmock.v1",
    "gopkg.in/yaml.v2",
  ]
  solver-name = "gps-cdcl"
  solver-version = 1
