# This file is autogenerated, do not edit; changes may be undone by the next 'dep ensure'.


[[projects]]
  branch = "master"
  name = "github.com/igrigorik/ga-beacon"
  packages = ["."]
  revision = "2235bbf48849968f7ce254d2a753d254d15d197b"

[solve-meta]
  analyzer-name = "dep"
  analyzer-version = 1
  inputs-digest = "151f2ca5f6531bc0b74d4e378abee98f9d647a1e09eacf424f820740260ba267"
  solver-name = "gps-cdcl"
  solver-version = 1
